
Microsoft Visual Studio Solution File, Format Version 12.00
# Visual Studio Version 17
VisualStudioVersion = 17.6.33723.286
MinimumVisualStudioVersion = 10.0.40219.1
Project("{FAE04EC0-301F-11D3-BF4B-00C04F79EFBC}") = "PingPong", "PingPong\PingPong.csproj", "{EAC21C03-588F-4290-A37E-7C980056DD23}"
EndProject
Global
	GlobalSection(SolutionConfigurationPlatforms) = preSolution
		Debug|Any CPU = Debug|Any CPU
		Release|Any CPU = Release|Any CPU
	EndGlobalSection
	GlobalSection(ProjectConfigurationPlatforms) = postSolution
		{EAC21C03-588F-4290-A37E-7C980056DD23}.Debug|Any CPU.ActiveCfg = Debug|Any CPU
		{EAC21C03-588F-4290-A37E-7C980056DD23}.Debug|Any CPU.Build.0 = Debug|Any CPU
		{EAC21C03-588F-4290-A37E-7C980056DD23}.Release|Any CPU.ActiveCfg = Release|Any CPU
		{EAC21C03-588F-4290-A37E-7C980056DD23}.Release|Any CPU.Build.0 = Release|Any CPU
	EndGlobalSection
	GlobalSection(SolutionProperties) = preSolution
		HideSolutionNode = FALSE
	EndGlobalSection
	GlobalSection(ExtensibilityGlobals) = postSolution
		SolutionGuid = {CB1F1F05-C7B8-4BD1-B1D6-9D4D83E3EC87}
	EndGlobalSection
EndGlobal
